{
  "name": "ssb-launcher",
  "version": "1.0.0",
  "lockfileVersion": 1,
  "requires": true,
  "dependencies": {
    "abstract-leveldown": {
      "version": "6.0.3",
      "resolved": "https://registry.npmjs.org/abstract-leveldown/-/abstract-leveldown-6.0.3.tgz",
      "integrity": "sha512-jzewKKpZbaYUa6HTThnrl+GrJhzjEAeuc7hTVpZdzg7kupXZFoqQDFwyOwLNbmJKJlmzw8yiipMPkDiuKkT06Q==",
      "requires": {
        "level-concat-iterator": "~2.0.0",
        "xtend": "~4.0.0"
      }
    },
    "async-single": {
      "version": "1.0.5",
      "resolved": "https://registry.npmjs.org/async-single/-/async-single-1.0.5.tgz",
      "integrity": "sha1-El3QneldPqMKN4rb7QIQkhebA8k="
    },
    "atomic-file": {
      "version": "2.0.1",
      "resolved": "https://registry.npmjs.org/atomic-file/-/atomic-file-2.0.1.tgz",
      "integrity": "sha512-9JCWojeLDF8UhEv2UJlLlPGsLEs+EBnfB+kOhsvmFI2QilVrnIsAwr7YnF8lLEVuxB+HxFhvGK+ax0Y8Eh/BKA==",
      "requires": {
        "flumecodec": "0.0.1",
        "idb-kv-store": "^4.4.0"
      },
      "dependencies": {
        "flumecodec": {
          "version": "0.0.1",
          "resolved": "https://registry.npmjs.org/flumecodec/-/flumecodec-0.0.1.tgz",
          "integrity": "sha1-rgSacUOGu4PjQmV6gpJLcDZKkNY=",
          "requires": {
            "level-codec": "^6.2.0"
          }
        },
        "level-codec": {
          "version": "6.2.0",
          "resolved": "https://registry.npmjs.org/level-codec/-/level-codec-6.2.0.tgz",
          "integrity": "sha1-pLUkS7akwvcj1oodZOmAxTYn2dQ="
        }
      }
    },
    "balanced-match": {
      "version": "1.0.0",
      "resolved": "https://registry.npmjs.org/balanced-match/-/balanced-match-1.0.0.tgz",
      "integrity": "sha1-ibTRmasr7kneFk6gK4nORi1xt2c="
    },
    "binary-search": {
      "version": "1.3.5",
      "resolved": "https://registry.npmjs.org/binary-search/-/binary-search-1.3.5.tgz",
      "integrity": "sha512-RHFP0AdU6KAB0CCZsRMU2CJTk2EpL8GLURT+4gilpjr1f/7M91FgUMnXuQLmf3OKLet34gjuNFwO7e4agdX5pw=="
    },
    "bluebird": {
      "version": "3.5.5",
      "resolved": "https://registry.npmjs.org/bluebird/-/bluebird-3.5.5.tgz",
      "integrity": "sha512-5am6HnnfN+urzt4yfg7IgTbotDjIT/u8AJpEt0sIU9FtXfVeezXAPKswrG+xKUCOYAINpSdgZVDU6QFh+cuH3w=="
    },
    "brace-expansion": {
      "version": "1.1.11",
      "resolved": "https://registry.npmjs.org/brace-expansion/-/brace-expansion-1.1.11.tgz",
      "integrity": "sha512-iCuPHDFgrHX7H2vEI/5xpz07zSHB00TpugqhmYtVmMO6518mCuRMoOYFldEBl0g187ufozdaHgWKcYFb61qGiA==",
      "requires": {
        "balanced-match": "^1.0.0",
        "concat-map": "0.0.1"
      }
    },
    "charwise": {
      "version": "3.0.1",
      "resolved": "https://registry.npmjs.org/charwise/-/charwise-3.0.1.tgz",
      "integrity": "sha512-RcdumNsM6fJZ5HHbYunqj2bpurVRGsXour3OR+SlLEHFhG6ALm54i6Osnh+OvO7kEoSBzwExpblYFH8zKQiEPw=="
    },
    "chloride": {
      "version": "2.2.14",
      "resolved": "https://registry.npmjs.org/chloride/-/chloride-2.2.14.tgz",
      "integrity": "sha512-Jp3kpDIO4MlcJCFi4jER9P7k3sAVvIwbe4QJtM9Nkp43e/GQ/98HU1wJS6NdU6cbzfGrKWmMdRB+VNRrCynzfw==",
      "requires": {
        "is-electron": "^2.2.0",
        "sodium-browserify": "^1.2.7",
        "sodium-browserify-tweetnacl": "^0.2.5",
        "sodium-chloride": "^1.1.2",
        "sodium-native": "^2.1.6"
      }
    },
    "chloride-test": {
      "version": "1.2.4",
      "resolved": "https://registry.npmjs.org/chloride-test/-/chloride-test-1.2.4.tgz",
      "integrity": "sha512-9vhoi1qXSBPn6//ZxIgSe3M2QhKHzIPZQzmrZgmPADsqW0Jxpe3db1e7aGSRUMXbxAQ04SfypdT8dGaSvIvKDw==",
      "requires": {
        "json-buffer": "^2.0.11"
      }
    },
    "compare-at-paths": {
      "version": "1.0.0",
      "resolved": "https://registry.npmjs.org/compare-at-paths/-/compare-at-paths-1.0.0.tgz",
      "integrity": "sha512-Ke1ejo/RZ+Hzku4gcW34uPMOR4Cpq87MAotELgV9mwiAzDN726cu+eWo0zWg1vRIfyf6yK5bW9uIW+c/SksQ5w==",
      "requires": {
        "libnested": "^1.3.2",
        "tape": "^4.9.1",
        "typewiselite": "^1.0.0"
      }
    },
    "concat-map": {
      "version": "0.0.1",
      "resolved": "https://registry.npmjs.org/concat-map/-/concat-map-0.0.1.tgz",
      "integrity": "sha1-2Klr13/Wjfd5OnMDajug1UBdR3s="
    },
    "deep-equal": {
      "version": "1.0.1",
      "resolved": "https://registry.npmjs.org/deep-equal/-/deep-equal-1.0.1.tgz",
      "integrity": "sha1-9dJgKStmDghO/0zbyfCK0yR0SLU="
    },
    "deferred-leveldown": {
      "version": "5.1.0",
      "resolved": "https://registry.npmjs.org/deferred-leveldown/-/deferred-leveldown-5.1.0.tgz",
      "integrity": "sha512-PvDY+BT2ONu2XVRgxHb77hYelLtMYxKSGuWuJJdVRXh9ntqx9GYTFJno/SKAz5xcd+yjQwyQeIZrUPjPvA52mg==",
      "requires": {
        "abstract-leveldown": "~6.0.0",
        "inherits": "^2.0.3"
      }
    },
    "define-properties": {
      "version": "1.1.3",
      "resolved": "https://registry.npmjs.org/define-properties/-/define-properties-1.1.3.tgz",
      "integrity": "sha512-3MqfYKj2lLzdMSf8ZIZE/V+Zuy+BgD6f164e8K2w7dgnpKArBDerGYpM46IYYcjnkdPNMjPk9A6VFB8+3SKlXQ==",
      "requires": {
        "object-keys": "^1.0.12"
      }
    },
    "defined": {
      "version": "1.0.0",
      "resolved": "https://registry.npmjs.org/defined/-/defined-1.0.0.tgz",
      "integrity": "sha1-yY2bzvdWdBiOEQlpFRGZ45sfppM="
    },
    "ed2curve": {
      "version": "0.1.4",
      "resolved": "https://registry.npmjs.org/ed2curve/-/ed2curve-0.1.4.tgz",
      "integrity": "sha1-lKRCSLuH2jXbDv968KpXYWgRf1k=",
      "requires": {
        "tweetnacl": "0.x.x"
      }
    },
    "encoding-down": {
      "version": "6.1.0",
      "resolved": "https://registry.npmjs.org/encoding-down/-/encoding-down-6.1.0.tgz",
      "integrity": "sha512-pBW1mbuQDHQhQLBtqarX8x2oLynahiOzBY5L/BosNqcstJ8MjpSc3rx1yCUIqb6bUE2vsp3t0BaXS0ZDP1s5pg==",
      "requires": {
        "abstract-leveldown": "^6.0.0",
        "inherits": "^2.0.3",
        "level-codec": "^9.0.0",
        "level-errors": "^2.0.0"
      }
    },
    "errno": {
      "version": "0.1.7",
      "resolved": "https://registry.npmjs.org/errno/-/errno-0.1.7.tgz",
      "integrity": "sha512-MfrRBDWzIWifgq6tJj60gkAwtLNb6sQPlcFrSOflcP1aFmmruKQ2wRnze/8V6kgyz7H3FF8Npzv78mZ7XLLflg==",
      "requires": {
        "prr": "~1.0.1"
      }
    },
    "es-abstract": {
      "version": "1.13.0",
      "resolved": "https://registry.npmjs.org/es-abstract/-/es-abstract-1.13.0.tgz",
      "integrity": "sha512-vDZfg/ykNxQVwup/8E1BZhVzFfBxs9NqMzGcvIJrqg5k2/5Za2bWo40dK2J1pgLngZ7c+Shh8lwYtLGyrwPutg==",
      "requires": {
        "es-to-primitive": "^1.2.0",
        "function-bind": "^1.1.1",
        "has": "^1.0.3",
        "is-callable": "^1.1.4",
        "is-regex": "^1.0.4",
        "object-keys": "^1.0.12"
      }
    },
    "es-to-primitive": {
      "version": "1.2.0",
      "resolved": "https://registry.npmjs.org/es-to-primitive/-/es-to-primitive-1.2.0.tgz",
      "integrity": "sha512-qZryBOJjV//LaxLTV6UC//WewneB3LcXOL9NP++ozKVXsIIIpm/2c13UDiD9Jp2eThsecw9m3jPqDwTyobcdbg==",
      "requires": {
        "is-callable": "^1.1.4",
        "is-date-object": "^1.0.1",
        "is-symbol": "^1.0.2"
      }
    },
    "explain-error": {
      "version": "1.0.4",
      "resolved": "https://registry.npmjs.org/explain-error/-/explain-error-1.0.4.tgz",
      "integrity": "sha1-p5PTrAytTGq1cemWj7urbLJTKSk="
    },
    "flumecodec": {
      "version": "0.0.0",
      "resolved": "https://registry.npmjs.org/flumecodec/-/flumecodec-0.0.0.tgz",
      "integrity": "sha1-Ns4Gq+Lg4BxE3WnyoWUwWiMgZJs=",
      "requires": {
        "level-codec": "^6.2.0"
      },
      "dependencies": {
        "level-codec": {
          "version": "6.2.0",
          "resolved": "https://registry.npmjs.org/level-codec/-/level-codec-6.2.0.tgz",
          "integrity": "sha1-pLUkS7akwvcj1oodZOmAxTYn2dQ="
        }
      }
    },
    "flumeview-level": {
      "version": "3.0.13",
      "resolved": "https://registry.npmjs.org/flumeview-level/-/flumeview-level-3.0.13.tgz",
      "integrity": "sha512-K8sM6AoWVGWps5H/MiqEHxWd0Ts3NtcWEsBjGmC3LD2EPOhrTcDQFn4dVpGAdiZma3RGFRVHE7OTperHrfJnkA==",
      "requires": {
        "charwise": "^3.0.1",
        "explain-error": "^1.0.4",
        "level": "^5.0.0",
        "ltgt": "^2.1.3",
        "mkdirp": "^0.5.1",
        "obv": "0.0.1",
        "pull-level": "^2.0.3",
        "pull-paramap": "^1.2.1",
        "pull-stream": "^3.5.0",
        "pull-write": "^1.1.1"
      }
    },
    "flumeview-query": {
      "version": "7.2.0",
      "resolved": "https://registry.npmjs.org/flumeview-query/-/flumeview-query-7.2.0.tgz",
      "integrity": "sha512-3kf99BAA/zKEjYPjwoCuQaOQQXnNaMsBuzGqznLXcwmG8+JkzDqQ13rx/+nQFSpd6D5GvAsQAWze/ILIbh/jrQ==",
      "requires": {
        "deep-equal": "^1.0.1",
        "flumeview-level": "^3.0.0",
        "map-filter-reduce": "^3.2.0",
        "pull-flatmap": "0.0.1",
        "pull-paramap": "^1.1.3",
        "pull-sink-through": "0.0.0",
        "pull-stream": "^3.4.0"
      }
    },
    "flumeview-reduce": {
      "version": "1.3.16",
      "resolved": "https://registry.npmjs.org/flumeview-reduce/-/flumeview-reduce-1.3.16.tgz",
      "integrity": "sha512-4ATidV3QARML74eNdi+HPzGa4JtSZfnQpW6QQArlKZ6NRkjax3EFLt42hK2VJyADxnVnsVInt/ItqJL/4G1/5g==",
      "requires": {
        "async-single": "^1.0.5",
        "atomic-file": "^2.0.0",
        "deep-equal": "^1.0.1",
        "flumecodec": "0.0.0",
        "obv": "0.0.1",
        "pull-notify": "^0.1.1",
        "pull-stream": "^3.5.0"
      }
    },
    "for-each": {
      "version": "0.3.3",
      "resolved": "https://registry.npmjs.org/for-each/-/for-each-0.3.3.tgz",
      "integrity": "sha512-jqYfLp7mo9vIyQf8ykW2v7A+2N4QjeCeI5+Dz9XraiO1ign81wjiH7Fb9vSOWvQfNtmSa4H2RoQTrrXivdUZmw==",
      "requires": {
        "is-callable": "^1.1.3"
      }
    },
    "fs.realpath": {
      "version": "1.0.0",
      "resolved": "https://registry.npmjs.org/fs.realpath/-/fs.realpath-1.0.0.tgz",
      "integrity": "sha1-FQStJSMVjKpA20onh8sBQRmU6k8="
    },
    "function-bind": {
      "version": "1.1.1",
      "resolved": "https://registry.npmjs.org/function-bind/-/function-bind-1.1.1.tgz",
      "integrity": "sha512-yIovAzMX49sF8Yl58fSCWJ5svSLuaibPxXQJFLmBObTuCr0Mf1KiPopGM9NiFjiYBCbfaa2Fh6breQ6ANVTI0A=="
    },
    "glob": {
      "version": "7.1.4",
      "resolved": "https://registry.npmjs.org/glob/-/glob-7.1.4.tgz",
      "integrity": "sha512-hkLPepehmnKk41pUGm3sYxoFs/umurYfYJCerbXEyFIWcAzvpipAgVkBqqT9RBKMGjnq6kMuyYwha6csxbiM1A==",
      "requires": {
        "fs.realpath": "^1.0.0",
        "inflight": "^1.0.4",
        "inherits": "2",
        "minimatch": "^3.0.4",
        "once": "^1.3.0",
        "path-is-absolute": "^1.0.0"
      }
    },
    "has": {
      "version": "1.0.3",
      "resolved": "https://registry.npmjs.org/has/-/has-1.0.3.tgz",
      "integrity": "sha512-f2dvO0VU6Oej7RkWJGrehjbzMAjFp5/VKPp5tTpWIV4JHHZK1/BxbFRtf/siA2SWTe09caDmVtYYzWEIbBS4zw==",
      "requires": {
        "function-bind": "^1.1.1"
      }
    },
    "has-symbols": {
      "version": "1.0.0",
      "resolved": "https://registry.npmjs.org/has-symbols/-/has-symbols-1.0.0.tgz",
      "integrity": "sha1-uhqPGvKg/DllD1yFA2dwQSIGO0Q="
    },
    "idb-kv-store": {
      "version": "4.4.0",
      "resolved": "https://registry.npmjs.org/idb-kv-store/-/idb-kv-store-4.4.0.tgz",
      "integrity": "sha1-IsVqjV+QvYj4GKhZ25xYYn3ieL4=",
      "requires": {
        "inherits": "^2.0.3",
        "promisize": "^1.1.2"
      }
    },
    "immediate": {
      "version": "3.2.3",
      "resolved": "https://registry.npmjs.org/immediate/-/immediate-3.2.3.tgz",
      "integrity": "sha1-0UD6j2FGWb1lQSMwl92qwlzdmRw="
    },
    "inflight": {
      "version": "1.0.6",
      "resolved": "https://registry.npmjs.org/inflight/-/inflight-1.0.6.tgz",
      "integrity": "sha1-Sb1jMdfQLQwJvJEKEHW6gWW1bfk=",
      "requires": {
        "once": "^1.3.0",
        "wrappy": "1"
      }
    },
    "inherits": {
      "version": "2.0.4",
      "resolved": "https://registry.npmjs.org/inherits/-/inherits-2.0.4.tgz",
      "integrity": "sha512-k/vGaX4/Yla3WzyMCvTQOXYeIHvqOKtnqBduzTHpzpQZzAskKMhZ2K+EnBiSM9zGSoIFeMpXKxa4dYeZIQqewQ=="
    },
    "ini": {
      "version": "1.3.5",
      "resolved": "https://registry.npmjs.org/ini/-/ini-1.3.5.tgz",
      "integrity": "sha512-RZY5huIKCMRWDUqZlEi72f/lmXKMvuszcMBduliQ3nnWbx9X/ZBQO7DijMEYS9EhHBb2qacRUMtC7svLwe0lcw==",
      "optional": true
    },
    "is-callable": {
      "version": "1.1.4",
      "resolved": "https://registry.npmjs.org/is-callable/-/is-callable-1.1.4.tgz",
      "integrity": "sha512-r5p9sxJjYnArLjObpjA4xu5EKI3CuKHkJXMhT7kwbpUyIFD1n5PMAsoPvWnvtZiNz7LjkYDRZhd7FlI0eMijEA=="
    },
    "is-date-object": {
      "version": "1.0.1",
      "resolved": "https://registry.npmjs.org/is-date-object/-/is-date-object-1.0.1.tgz",
      "integrity": "sha1-mqIOtq7rv/d/vTPnTKAbM1gdOhY="
    },
    "is-electron": {
      "version": "2.2.0",
      "resolved": "https://registry.npmjs.org/is-electron/-/is-electron-2.2.0.tgz",
      "integrity": "sha512-SpMppC2XR3YdxSzczXReBjqs2zGscWQpBIKqwXYBFic0ERaxNVgwLCHwOLZeESfdJQjX0RDvrJ1lBXX2ij+G1Q=="
    },
    "is-regex": {
      "version": "1.0.4",
      "resolved": "https://registry.npmjs.org/is-regex/-/is-regex-1.0.4.tgz",
      "integrity": "sha1-VRdIm1RwkbCTDglWVM7SXul+lJE=",
      "requires": {
        "has": "^1.0.1"
      }
    },
    "is-symbol": {
      "version": "1.0.2",
      "resolved": "https://registry.npmjs.org/is-symbol/-/is-symbol-1.0.2.tgz",
      "integrity": "sha512-HS8bZ9ox60yCJLH9snBpIwv9pYUAkcuLhSA1oero1UB5y9aiQpRA8y2ex945AOtCZL1lJDeIk3G5LthswI46Lw==",
      "requires": {
        "has-symbols": "^1.0.0"
      }
    },
    "is-typedarray": {
      "version": "1.0.0",
      "resolved": "https://registry.npmjs.org/is-typedarray/-/is-typedarray-1.0.0.tgz",
      "integrity": "sha1-5HnICFjfDBsR3dppQPlgEfzaSpo="
    },
    "json-buffer": {
      "version": "2.0.11",
      "resolved": "https://registry.npmjs.org/json-buffer/-/json-buffer-2.0.11.tgz",
      "integrity": "sha1-PkQf2jCYvo0eMXGtWRvGKjPi1V8="
    },
    "level": {
      "version": "5.0.1",
      "resolved": "https://registry.npmjs.org/level/-/level-5.0.1.tgz",
      "integrity": "sha512-wcak5OQeA4rURGacqS62R/xNHjCYnJSQDBOlm4KNUGJVE9bWv2B04TclqReYejN+oD65PzD4FsqeWoI5wNC5Lg==",
      "requires": {
        "level-js": "^4.0.0",
        "level-packager": "^5.0.0",
        "leveldown": "^5.0.0",
        "opencollective-postinstall": "^2.0.0"
      }
    },
    "level-codec": {
      "version": "9.0.1",
      "resolved": "https://registry.npmjs.org/level-codec/-/level-codec-9.0.1.tgz",
      "integrity": "sha512-ajFP0kJ+nyq4i6kptSM+mAvJKLOg1X5FiFPtLG9M5gCEZyBmgDi3FkDrvlMkEzrUn1cWxtvVmrvoS4ASyO/q+Q=="
    },
    "level-concat-iterator": {
      "version": "2.0.1",
      "resolved": "https://registry.npmjs.org/level-concat-iterator/-/level-concat-iterator-2.0.1.tgz",
      "integrity": "sha512-OTKKOqeav2QWcERMJR7IS9CUo1sHnke2C0gkSmcR7QuEtFNLLzHQAvnMw8ykvEcv0Qtkg0p7FOwP1v9e5Smdcw=="
    },
    "level-errors": {
      "version": "2.0.1",
      "resolved": "https://registry.npmjs.org/level-errors/-/level-errors-2.0.1.tgz",
      "integrity": "sha512-UVprBJXite4gPS+3VznfgDSU8PTRuVX0NXwoWW50KLxd2yw4Y1t2JUR5In1itQnudZqRMT9DlAM3Q//9NCjCFw==",
      "requires": {
        "errno": "~0.1.1"
      }
    },
    "level-iterator-stream": {
      "version": "4.0.1",
      "resolved": "https://registry.npmjs.org/level-iterator-stream/-/level-iterator-stream-4.0.1.tgz",
      "integrity": "sha512-pSZWqXK6/yHQkZKCHrR59nKpU5iqorKM22C/BOHTb/cwNQ2EOZG+bovmFFGcOgaBoF3KxqJEI27YwewhJQTzsw==",
      "requires": {
        "inherits": "^2.0.1",
        "readable-stream": "^3.0.2",
        "xtend": "^4.0.0"
      }
    },
    "level-js": {
      "version": "4.0.1",
      "resolved": "https://registry.npmjs.org/level-js/-/level-js-4.0.1.tgz",
      "integrity": "sha512-m5JRIyHZn5VnCCFeRegJkn5bQd3MJK5qZX12zg3Oivc8+BUIS2yFS6ANMMeHX2ieGxucNvEn6/ZnyjmZQLLUWw==",
      "requires": {
        "abstract-leveldown": "~6.0.1",
        "immediate": "~3.2.3",
        "inherits": "^2.0.3",
        "ltgt": "^2.1.2",
        "typedarray-to-buffer": "~3.1.5"
      }
    },
    "level-packager": {
      "version": "5.0.2",
      "resolved": "https://registry.npmjs.org/level-packager/-/level-packager-5.0.2.tgz",
      "integrity": "sha512-sJWdeW5tObvTvgP4Xf2psL5CEUsZjDjiTtlcimHp3Ifd4qbmkEGquN82C5ZtC7VpWEiISeUIBtIcCskVzEpvFw==",
      "requires": {
        "encoding-down": "^6.0.0",
        "levelup": "^4.0.0"
      }
    },
    "level-post": {
      "version": "1.0.7",
      "resolved": "https://registry.npmjs.org/level-post/-/level-post-1.0.7.tgz",
      "integrity": "sha512-PWYqG4Q00asOrLhX7BejSajByB4EmG2GaKHfj3h5UmmZ2duciXLPGYWIjBzLECFWUGOZWlm5B20h/n3Gs3HKew==",
      "requires": {
        "ltgt": "^2.1.2"
      }
    },
    "leveldown": {
      "version": "5.1.1",
      "resolved": "https://registry.npmjs.org/leveldown/-/leveldown-5.1.1.tgz",
      "integrity": "sha512-4n2R/vEA/sssh5TKtFwM9gshW2tirNoURLqekLRUUzuF+eUBLFAufO8UW7bz8lBbG2jw8tQDF3LC+LcUCc12kg==",
      "requires": {
        "abstract-leveldown": "~6.0.3",
        "napi-macros": "~1.8.1",
        "node-gyp-build": "~4.1.0"
      }
    },
    "levelup": {
      "version": "4.1.0",
      "resolved": "https://registry.npmjs.org/levelup/-/levelup-4.1.0.tgz",
      "integrity": "sha512-+Qhe2/jb5affN7BeFgWUUWVdYoGXO2nFS3QLEZKZynnQyP9xqA+7wgOz3fD8SST2UKpHQuZgjyJjTcB2nMl2dQ==",
      "requires": {
        "deferred-leveldown": "~5.1.0",
        "level-errors": "~2.0.0",
        "level-iterator-stream": "~4.0.0",
        "xtend": "~4.0.0"
      }
    },
    "libnested": {
      "version": "1.4.1",
      "resolved": "https://registry.npmjs.org/libnested/-/libnested-1.4.1.tgz",
      "integrity": "sha512-7fvNHrU8QTep71gIJuz7z6iBAQULEHJOcIA0MKUlwFrSnntvOvnke+/tnR7ZxyRAQQ303UJXNZBSRz3r0N5tqw=="
    },
    "libsodium": {
      "version": "0.7.4",
      "resolved": "https://registry.npmjs.org/libsodium/-/libsodium-0.7.4.tgz",
      "integrity": "sha512-fTU3vUdrxQzhPAAjmTSqKk4LzYbR0OtcYjp1P92AlH50JIxXZFEIXWh1yryCmU6RLGfwS2IzBdZjbmpYf/TlyQ=="
    },
    "libsodium-wrappers": {
      "version": "0.7.4",
      "resolved": "https://registry.npmjs.org/libsodium-wrappers/-/libsodium-wrappers-0.7.4.tgz",
      "integrity": "sha512-axKkW01L0q+urLeE7UMSZKWwk4LrRbi6s5pjKBAvbgDBYnsSaolK1oN/Syilm1dqJFkJQNi6qodwOp8dzSoc9Q==",
      "requires": {
        "libsodium": "0.7.4"
      }
    },
    "looper": {
      "version": "2.0.0",
      "resolved": "https://registry.npmjs.org/looper/-/looper-2.0.0.tgz",
      "integrity": "sha1-Zs0Md0rz1P7axTeU90LbVtqPCew="
    },
    "ltgt": {
      "version": "2.2.1",
      "resolved": "https://registry.npmjs.org/ltgt/-/ltgt-2.2.1.tgz",
      "integrity": "sha1-81ypHEk/e3PaDgdJUwTxezH4fuU="
    },
    "map-filter-reduce": {
      "version": "3.2.2",
      "resolved": "https://registry.npmjs.org/map-filter-reduce/-/map-filter-reduce-3.2.2.tgz",
      "integrity": "sha512-p+NIGQbEBxlw/qWwG+NME98G/9kjOQI70hmaH8QEZtIWfTmfMYLKQW4PJChP4izPHNAxlOfv/qefP0+2ZXn84A==",
      "requires": {
        "binary-search": "^1.2.0",
        "compare-at-paths": "^1.0.0",
        "pull-sink-through": "0.0.0",
        "pull-sort": "^1.0.1",
        "pull-stream": "^3.4.3",
        "typewiselite": "^1.0.0"
      }
    },
    "minimatch": {
      "version": "3.0.4",
      "resolved": "https://registry.npmjs.org/minimatch/-/minimatch-3.0.4.tgz",
      "integrity": "sha512-yJHVQEhyqPLUTgt9B83PXu6W3rx4MvvHvSUvToogpwoGDOUQ+yDrR0HRot+yOCdCO7u4hX3pWft6kWBBcqh0UA==",
      "requires": {
        "brace-expansion": "^1.1.7"
      }
    },
    "minimist": {
      "version": "0.0.8",
      "resolved": "https://registry.npmjs.org/minimist/-/minimist-0.0.8.tgz",
      "integrity": "sha1-hX/Kv8M5fSYluCKCYuhqp6ARsF0="
    },
    "mkdirp": {
      "version": "0.5.1",
      "resolved": "https://registry.npmjs.org/mkdirp/-/mkdirp-0.5.1.tgz",
      "integrity": "sha1-MAV0OOrGz3+MR2fzhkjWaX11yQM=",
      "requires": {
        "minimist": "0.0.8"
      }
    },
    "nan": {
      "version": "2.14.0",
      "resolved": "https://registry.npmjs.org/nan/-/nan-2.14.0.tgz",
      "integrity": "sha512-INOFj37C7k3AfaNTtX8RhsTw7qRy7eLET14cROi9+5HAVbbHuIWUHEauBv5qT4Av2tWasiTY1Jw6puUNqRJXQg==",
      "optional": true
    },
    "napi-macros": {
      "version": "1.8.2",
      "resolved": "https://registry.npmjs.org/napi-macros/-/napi-macros-1.8.2.tgz",
      "integrity": "sha512-Tr0DNY4RzTaBG2W2m3l7ZtFuJChTH6VZhXVhkGGjF/4cZTt+i8GcM9ozD+30Lmr4mDoZ5Xx34t2o4GJqYWDGcg=="
    },
    "node-gyp-build": {
      "version": "4.1.0",
      "resolved": "https://registry.npmjs.org/node-gyp-build/-/node-gyp-build-4.1.0.tgz",
      "integrity": "sha512-rGLv++nK20BG8gc0MzzcYe1Nl3p3mtwJ74Q2QD0HTEDKZ6NvOFSelY6s2QBPWIHRR8h7hpad0LiwajfClBJfNg=="
    },
    "object-inspect": {
      "version": "1.6.0",
      "resolved": "https://registry.npmjs.org/object-inspect/-/object-inspect-1.6.0.tgz",
      "integrity": "sha512-GJzfBZ6DgDAmnuaM3104jR4s1Myxr3Y3zfIyN4z3UdqN69oSRacNK8UhnobDdC+7J2AHCjGwxQubNJfE70SXXQ=="
    },
    "object-keys": {
      "version": "1.1.1",
      "resolved": "https://registry.npmjs.org/object-keys/-/object-keys-1.1.1.tgz",
      "integrity": "sha512-NuAESUOUMrlIXOfHKzD6bpPu3tYt3xvjNdRIQ+FeT0lNb4K8WR70CaDxhuNguS2XG+GjkyMwOzsN5ZktImfhLA=="
    },
    "obv": {
      "version": "0.0.1",
      "resolved": "https://registry.npmjs.org/obv/-/obv-0.0.1.tgz",
      "integrity": "sha1-yyNhBjQVNvDaxIFeBnCCIcrX+14="
    },
    "once": {
      "version": "1.4.0",
      "resolved": "https://registry.npmjs.org/once/-/once-1.4.0.tgz",
      "integrity": "sha1-WDsap3WWHUsROsF9nFC6753Xa9E=",
      "requires": {
        "wrappy": "1"
      }
    },
    "opencollective-postinstall": {
      "version": "2.0.2",
      "resolved": "https://registry.npmjs.org/opencollective-postinstall/-/opencollective-postinstall-2.0.2.tgz",
      "integrity": "sha512-pVOEP16TrAO2/fjej1IdOyupJY8KDUM1CvsaScRbw6oddvpQoOfGk4ywha0HKKVAD6RkW4x6Q+tNBwhf3Bgpuw=="
    },
    "path-is-absolute": {
      "version": "1.0.1",
      "resolved": "https://registry.npmjs.org/path-is-absolute/-/path-is-absolute-1.0.1.tgz",
      "integrity": "sha1-F0uSaHNVNP+8es5r9TpanhtcX18="
    },
    "path-parse": {
      "version": "1.0.6",
      "resolved": "https://registry.npmjs.org/path-parse/-/path-parse-1.0.6.tgz",
      "integrity": "sha512-GSmOT2EbHrINBf9SR7CDELwlJ8AENk3Qn7OikK4nFYAu3Ote2+JYNVvkpAEQm3/TLNEJFD/xZJjzyxg3KBWOzw=="
    },
    "private-box": {
      "version": "0.3.0",
      "resolved": "https://registry.npmjs.org/private-box/-/private-box-0.3.0.tgz",
      "integrity": "sha512-zsK6DDEC+cnNiunYamcVbx4ZCLbKnzTOZa09K4Pj3/tH3nQFPUO9K2QoYy4kfxLqmoyw6RPDtACN9OYviMQZ2Q==",
      "requires": {
        "chloride": "^2.2.9"
      }
    },
    "promisize": {
      "version": "1.1.2",
      "resolved": "https://registry.npmjs.org/promisize/-/promisize-1.1.2.tgz",
      "integrity": "sha1-m0fiyyrkl+seutwsQZHWTRXJSdE="
    },
    "prr": {
      "version": "1.0.1",
      "resolved": "https://registry.npmjs.org/prr/-/prr-1.0.1.tgz",
      "integrity": "sha1-0/wRS6BplaRexok/SEzrHXj19HY="
    },
    "pull-cat": {
      "version": "1.1.11",
      "resolved": "https://registry.npmjs.org/pull-cat/-/pull-cat-1.1.11.tgz",
      "integrity": "sha1-tkLdElXaN2pwa220+pYvX9t0wxs="
    },
    "pull-defer": {
      "version": "0.2.3",
      "resolved": "https://registry.npmjs.org/pull-defer/-/pull-defer-0.2.3.tgz",
      "integrity": "sha512-/An3KE7mVjZCqNhZsr22k1Tx8MACnUnHZZNPSJ0S62td8JtYr/AiRG42Vz7Syu31SoTLUzVIe61jtT/pNdjVYA=="
    },
    "pull-flatmap": {
      "version": "0.0.1",
      "resolved": "https://registry.npmjs.org/pull-flatmap/-/pull-flatmap-0.0.1.tgz",
      "integrity": "sha1-E9SURT6PbUeOe7+t5vj+AZf6a7c="
    },
    "pull-level": {
      "version": "2.0.4",
      "resolved": "https://registry.npmjs.org/pull-level/-/pull-level-2.0.4.tgz",
      "integrity": "sha512-fW6pljDeUThpq5KXwKbRG3X7Ogk3vc75d5OQU/TvXXui65ykm+Bn+fiktg+MOx2jJ85cd+sheufPL+rw9QSVZg==",
      "requires": {
        "level-post": "^1.0.7",
        "pull-cat": "^1.1.9",
        "pull-live": "^1.0.1",
        "pull-pushable": "^2.0.0",
        "pull-stream": "^3.4.0",
        "pull-window": "^2.1.4",
        "stream-to-pull-stream": "^1.7.1"
      }
    },
    "pull-live": {
      "version": "1.0.1",
      "resolved": "https://registry.npmjs.org/pull-live/-/pull-live-1.0.1.tgz",
      "integrity": "sha1-pOzuAeMwFV6RJLu89HYfIbOPUfU=",
      "requires": {
        "pull-cat": "^1.1.9",
        "pull-stream": "^3.4.0"
      }
    },
    "pull-notify": {
      "version": "0.1.1",
      "resolved": "https://registry.npmjs.org/pull-notify/-/pull-notify-0.1.1.tgz",
      "integrity": "sha1-b4b/ldJwuJw+vyVbYDG3Ay3JnMo=",
      "requires": {
        "pull-pushable": "^2.0.0"
      }
    },
    "pull-paramap": {
      "version": "1.2.2",
      "resolved": "https://registry.npmjs.org/pull-paramap/-/pull-paramap-1.2.2.tgz",
      "integrity": "sha1-UaQZPOnI1yFdla2tReK824STsjo=",
      "requires": {
        "looper": "^4.0.0"
      },
      "dependencies": {
        "looper": {
          "version": "4.0.0",
          "resolved": "https://registry.npmjs.org/looper/-/looper-4.0.0.tgz",
          "integrity": "sha1-dwat7VmpntygbmtUu4bI7BnJUVU="
        }
      }
    },
    "pull-pushable": {
      "version": "2.2.0",
      "resolved": "https://registry.npmjs.org/pull-pushable/-/pull-pushable-2.2.0.tgz",
      "integrity": "sha1-Xy867UethpGfAbEqLpnW8b13ZYE="
    },
    "pull-sink-through": {
      "version": "0.0.0",
      "resolved": "https://registry.npmjs.org/pull-sink-through/-/pull-sink-through-0.0.0.tgz",
      "integrity": "sha1-08BJLzqAtO0gSvZ8S0+TVoD8Wx8="
    },
    "pull-sort": {
      "version": "1.0.2",
      "resolved": "https://registry.npmjs.org/pull-sort/-/pull-sort-1.0.2.tgz",
      "integrity": "sha512-jGcAHMP+0Le+bEIhSODlbNNd3jW+S6XrXOlhVzfcKU5HQZjP92OzQSgHHSlwvWRsiTWi+UGgbFpL/5gGgmFoVQ==",
      "requires": {
        "pull-defer": "^0.2.3",
        "pull-stream": "^3.6.9"
      }
    },
    "pull-stream": {
      "version": "3.6.13",
      "resolved": "https://registry.npmjs.org/pull-stream/-/pull-stream-3.6.13.tgz",
      "integrity": "sha512-enbnbnO+czsPuCq9s9HTTzDzzVQD5TSe60aO3nBioeJ9mevh8RzE4Hxbujo9TReg1fJlmNEL8uyQTUgn8+rSHg=="
    },
    "pull-window": {
      "version": "2.1.4",
      "resolved": "https://registry.npmjs.org/pull-window/-/pull-window-2.1.4.tgz",
      "integrity": "sha1-/DuG/uvRkgx64pdpHiP3BfiFUvA=",
      "requires": {
        "looper": "^2.0.0"
      }
    },
    "pull-write": {
      "version": "1.1.4",
      "resolved": "https://registry.npmjs.org/pull-write/-/pull-write-1.1.4.tgz",
      "integrity": "sha1-3d6jFJO0j2douEooHQHrO1Mf4Lg=",
      "requires": {
        "looper": "^4.0.0",
        "pull-cat": "^1.1.11",
        "pull-stream": "^3.4.5"
      },
      "dependencies": {
        "looper": {
          "version": "4.0.0",
          "resolved": "https://registry.npmjs.org/looper/-/looper-4.0.0.tgz",
          "integrity": "sha1-dwat7VmpntygbmtUu4bI7BnJUVU="
        }
      }
    },
    "pull-zip": {
      "version": "2.0.1",
      "resolved": "https://registry.npmjs.org/pull-zip/-/pull-zip-2.0.1.tgz",
      "integrity": "sha1-4GQc6v+WSvJ1ltqsBwDnmzgQKPU="
    },
    "ramda": {
      "version": "0.26.1",
      "resolved": "https://registry.npmjs.org/ramda/-/ramda-0.26.1.tgz",
      "integrity": "sha512-hLWjpy7EnsDBb0p+Z3B7rPi3GDeRG5ZtiI33kJhTt+ORCd38AbAIjB/9zRIUoeTbE/AVX5ZkU7m6bznsvrf8eQ=="
    },
    "readable-stream": {
      "version": "3.4.0",
      "resolved": "https://registry.npmjs.org/readable-stream/-/readable-stream-3.4.0.tgz",
      "integrity": "sha512-jItXPLmrSR8jmTRmRWJXCnGJsfy85mB3Wd/uINMXA65yrnFo0cPClFIUWzo2najVNSl+mx7/4W8ttlLWJe99pQ==",
      "requires": {
        "inherits": "^2.0.3",
        "string_decoder": "^1.1.1",
        "util-deprecate": "^1.0.1"
      }
    },
    "resolve": {
      "version": "1.11.1",
      "resolved": "https://registry.npmjs.org/resolve/-/resolve-1.11.1.tgz",
      "integrity": "sha512-vIpgF6wfuJOZI7KKKSP+HmiKggadPQAdsp5HiC1mvqnfp0gF1vdwgBWZIdrVft9pgqoMFQN+R7BSWZiBxx+BBw==",
      "requires": {
        "path-parse": "^1.0.6"
      }
    },
    "resumer": {
      "version": "0.0.0",
      "resolved": "https://registry.npmjs.org/resumer/-/resumer-0.0.0.tgz",
      "integrity": "sha1-8ej0YeQGS6Oegq883CqMiT0HZ1k=",
      "requires": {
        "through": "~2.3.4"
      }
    },
    "safe-buffer": {
      "version": "5.1.2",
      "resolved": "https://registry.npmjs.org/safe-buffer/-/safe-buffer-5.1.2.tgz",
      "integrity": "sha512-Gd2UZBJDkXlY7GbJxfsE8/nvKkUEU1G38c1siN6QP6a9PT9MmHB8GnpscSmMJSoF8LOIrt8ud/wPtojys4G6+g=="
    },
    "scuttlebutt-akka-persistence-index": {
      "version": "github:openlawteam/scuttlebutt-akka-persistence-index#607e5ddf185f2d6c8b5b3ad75b2ed6adb5345928",
      "from": "github:openlawteam/scuttlebutt-akka-persistence-index#master",
      "requires": {
        "bluebird": "^3.5.3",
        "flumeview-level": "^3.0.8",
        "flumeview-reduce": "^1.3.16",
        "pull-defer": "^0.2.3",
        "pull-window": "^2.1.4",
        "pull-zip": "^2.0.1",
        "ramda": "^0.26.1",
        "ssb-keys": "^7.1.5",
        "ssb-query": "^2.3.0"
      },
      "dependencies": {
        "ssb-keys": {
          "version": "7.1.7",
          "resolved": "https://registry.npmjs.org/ssb-keys/-/ssb-keys-7.1.7.tgz",
          "integrity": "sha512-Zncn++gtpoF4Wjz/po4Jvt7mCHbQfU6ATljahqf1CprWAio4JBUJnQrUeUlmlTn3f4Tseo0/hoh3vk7Bu6M/Sw==",
          "requires": {
            "chloride": "^2.2.8",
            "mkdirp": "~0.5.0",
            "private-box": "^0.3.0"
          }
        },
        "ssb-query": {
          "version": "2.4.2",
          "resolved": "https://registry.npmjs.org/ssb-query/-/ssb-query-2.4.2.tgz",
          "integrity": "sha512-w1iQ6DAyY7tvB31WjNRY05+QN9JCa0pZZL287HPpI+/WZQAsNOHc96mSSXH5KRyqm+dp/W/Me/For5kvItoSCA==",
          "requires": {
            "explain-error": "^1.0.1",
            "flumeview-query": "^7.0.0",
            "pull-stream": "^3.6.2"
          }
        }
      }
    },
    "sha.js": {
      "version": "2.4.5",
      "resolved": "https://registry.npmjs.org/sha.js/-/sha.js-2.4.5.tgz",
      "integrity": "sha1-J9Fx78yCoRi5ljn/WBZgJCtQbnw=",
      "requires": {
        "inherits": "^2.0.1"
      }
    },
    "sodium-browserify": {
      "version": "1.2.7",
      "resolved": "https://registry.npmjs.org/sodium-browserify/-/sodium-browserify-1.2.7.tgz",
      "integrity": "sha512-PGhNO8KravjroRDYvurMPRYi4xMM7zjTW10R77Nq9sjkU314YA2sPeXS6UA5k/rLHaXLaZ6YfLLVz+DdCU5w0g==",
      "requires": {
        "libsodium-wrappers": "^0.7.4",
        "sha.js": "2.4.5",
        "sodium-browserify-tweetnacl": "^0.2.5",
        "tweetnacl": "^0.14.1"
      }
    },
    "sodium-browserify-tweetnacl": {
      "version": "0.2.6",
      "resolved": "https://registry.npmjs.org/sodium-browserify-tweetnacl/-/sodium-browserify-tweetnacl-0.2.6.tgz",
      "integrity": "sha512-ZnEI26hdluilpYY28Xc4rc1ALfmEp2TWihkJX6Mdtw0z9RfHfpZJU7P8DoKbN1HcBdU9aJmguFZs7igE8nLJPg==",
      "requires": {
        "chloride-test": "^1.1.0",
        "ed2curve": "^0.1.4",
        "sha.js": "^2.4.8",
        "tweetnacl": "^1.0.1",
        "tweetnacl-auth": "^0.3.0"
      },
      "dependencies": {
        "sha.js": {
          "version": "2.4.11",
          "resolved": "https://registry.npmjs.org/sha.js/-/sha.js-2.4.11.tgz",
          "integrity": "sha512-QMEp5B7cftE7APOjk5Y6xgrbWu+WkLVQwk8JNjZ8nKRciZaByEW6MubieAiToS7+dwvrjGhH8jRXz3MVd0AYqQ==",
          "requires": {
            "inherits": "^2.0.1",
            "safe-buffer": "^5.0.1"
          }
        },
        "tweetnacl": {
          "version": "1.0.1",
          "resolved": "https://registry.npmjs.org/tweetnacl/-/tweetnacl-1.0.1.tgz",
          "integrity": "sha512-kcoMoKTPYnoeS50tzoqjPY3Uv9axeuuFAZY9M/9zFnhoVvRfxz9K29IMPD7jGmt2c8SW7i3gT9WqDl2+nV7p4A=="
        }
      }
    },
    "sodium-chloride": {
      "version": "1.1.2",
      "resolved": "https://registry.npmjs.org/sodium-chloride/-/sodium-chloride-1.1.2.tgz",
      "integrity": "sha512-8AVzr9VHueXqfzfkzUA0aXe/Q4XG3UTmhlP6Pt+HQc5bbAPIJFo7ZIMh9tvn+99QuiMcyDJdYumegGAczl0N+g=="
    },
    "sodium-native": {
      "version": "2.4.2",
      "resolved": "https://registry.npmjs.org/sodium-native/-/sodium-native-2.4.2.tgz",
      "integrity": "sha512-qwHcUnzFpRSGSm6F49j/h5SnxPFBgSNdDwZkAqjvuAoHQIVBFOXYb+oCUTJV80K5hRqSYCihpbX06vbrtPbilg==",
      "optional": true,
      "requires": {
        "ini": "^1.3.5",
        "nan": "^2.4.0",
        "node-gyp-build": "^3.0.0"
      },
      "dependencies": {
        "node-gyp-build": {
          "version": "3.9.0",
          "resolved": "https://registry.npmjs.org/node-gyp-build/-/node-gyp-build-3.9.0.tgz",
          "integrity": "sha512-zLcTg6P4AbcHPq465ZMFNXx7XpKKJh+7kkN699NiQWisR2uWYOWNWqRHAmbnmKiL4e9aLSlmy5U7rEMUXV59+A==",
          "optional": true
        }
      }
    },
    "stream-to-pull-stream": {
      "version": "1.7.3",
      "resolved": "https://registry.npmjs.org/stream-to-pull-stream/-/stream-to-pull-stream-1.7.3.tgz",
      "integrity": "sha512-6sNyqJpr5dIOQdgNy/xcDWwDuzAsAwVzhzrWlAPAQ7Lkjx/rv0wgvxEyKwTq6FmNd5rjTrELt/CLmaSw7crMGg==",
      "requires": {
        "looper": "^3.0.0",
        "pull-stream": "^3.2.3"
      },
      "dependencies": {
        "looper": {
          "version": "3.0.0",
          "resolved": "https://registry.npmjs.org/looper/-/looper-3.0.0.tgz",
          "integrity": "sha1-LvpUw7HLq6m5Su4uWRSwvlf7t0k="
        }
      }
    },
    "string.prototype.trim": {
      "version": "1.1.2",
      "resolved": "https://registry.npmjs.org/string.prototype.trim/-/string.prototype.trim-1.1.2.tgz",
      "integrity": "sha1-0E3iyJ4Tf019IG8Ia17S+ua+jOo=",
      "requires": {
        "define-properties": "^1.1.2",
        "es-abstract": "^1.5.0",
        "function-bind": "^1.0.2"
      }
    },
    "string_decoder": {
      "version": "1.2.0",
      "resolved": "https://registry.npmjs.org/string_decoder/-/string_decoder-1.2.0.tgz",
      "integrity": "sha512-6YqyX6ZWEYguAxgZzHGL7SsCeGx3V2TtOTqZz1xSTSWnqsbWwbptafNyvf/ACquZUXV3DANr5BDIwNYe1mN42w==",
      "requires": {
        "safe-buffer": "~5.1.0"
      }
    },
    "tape": {
      "version": "4.11.0",
      "resolved": "https://registry.npmjs.org/tape/-/tape-4.11.0.tgz",
      "integrity": "sha512-yixvDMX7q7JIs/omJSzSZrqulOV51EC9dK8dM0TzImTIkHWfe2/kFyL5v+d9C+SrCMaICk59ujsqFAVidDqDaA==",
      "requires": {
        "deep-equal": "~1.0.1",
        "defined": "~1.0.0",
        "for-each": "~0.3.3",
        "function-bind": "~1.1.1",
        "glob": "~7.1.4",
        "has": "~1.0.3",
        "inherits": "~2.0.4",
        "minimist": "~1.2.0",
        "object-inspect": "~1.6.0",
        "resolve": "~1.11.1",
        "resumer": "~0.0.0",
        "string.prototype.trim": "~1.1.2",
        "through": "~2.3.8"
      },
      "dependencies": {
        "minimist": {
          "version": "1.2.0",
          "resolved": "https://registry.npmjs.org/minimist/-/minimist-1.2.0.tgz",
          "integrity": "sha1-o1AIsg9BOD7sH7kU9M1d95omQoQ="
        }
      }
    },
    "through": {
      "version": "2.3.8",
      "resolved": "https://registry.npmjs.org/through/-/through-2.3.8.tgz",
      "integrity": "sha1-DdTJ/6q8NXlgsbckEV1+Doai4fU="
    },
    "tweetnacl": {
      "version": "0.14.5",
      "resolved": "https://registry.npmjs.org/tweetnacl/-/tweetnacl-0.14.5.tgz",
      "integrity": "sha1-WuaBd/GS1EViadEIr6k/+HQ/T2Q="
    },
    "tweetnacl-auth": {
      "version": "0.3.1",
      "resolved": "https://registry.npmjs.org/tweetnacl-auth/-/tweetnacl-auth-0.3.1.tgz",
      "integrity": "sha1-t1vC3xVkm7hOi5qjwGacbEvODSU=",
      "requires": {
        "tweetnacl": "0.x.x"
      }
    },
    "typedarray-to-buffer": {
      "version": "3.1.5",
      "resolved": "https://registry.npmjs.org/typedarray-to-buffer/-/typedarray-to-buffer-3.1.5.tgz",
      "integrity": "sha512-zdu8XMNEDepKKR+XYOXAVPtWui0ly0NtohUscw+UmaHiAWT8hrV1rr//H6V+0DvJ3OQ19S979M0laLfX8rm82Q==",
      "requires": {
        "is-typedarray": "^1.0.0"
      }
    },
    "typewiselite": {
      "version": "1.0.0",
      "resolved": "https://registry.npmjs.org/typewiselite/-/typewiselite-1.0.0.tgz",
      "integrity": "sha1-yIgvobsQksBgBal/NO9chQjjZk4="
    },
    "util-deprecate": {
      "version": "1.0.2",
      "resolved": "https://registry.npmjs.org/util-deprecate/-/util-deprecate-1.0.2.tgz",
      "integrity": "sha1-RQ1Nyfpw3nMnYvvS1KKJgUGaDM8="
    },
    "wrappy": {
      "version": "1.0.2",
      "resolved": "https://registry.npmjs.org/wrappy/-/wrappy-1.0.2.tgz",
      "integrity": "sha1-tSQ9jz7BqjXxNkYFvA0QNuMKtp8="
    },
    "xtend": {
      "version": "4.0.1",
      "resolved": "https://registry.npmjs.org/xtend/-/xtend-4.0.1.tgz",
      "integrity": "sha1-pcbVMr5lbiPbgg77lDofBJmNY68="
    }
  }
}
